
Microsoft Visual Studio Solution File, Format Version 12.00
# Visual Studio Version 17
VisualStudioVersion = 17.0.32014.148
MinimumVisualStudioVersion = 10.0.40219.1
Project("{9A19103F-16F7-4668-BE54-9A1E7A4F7556}") = "NMMS.API", "NMMS.API\NMMS.API.csproj", "{327760CC-8B63-40A3-A81E-4D6D8BAFEA20}"
EndProject
Project("{2150E333-8FDC-42A3-9474-1A3956D46DE8}") = "common", "common", "{F069D8EE-073E-436E-9917-AB259DB6E371}"
EndProject
Project("{2150E333-8FDC-42A3-9474-1A3956D46DE8}") = "src", "src", "{05B4C823-0A37-4589-ADF3-D9B727DAC6F8}"
EndProject
Project("{9A19103F-16F7-4668-BE54-9A1E7A4F7556}") = "NMMS.Common", "NMMS.Common\NMMS.Common.csproj", "{00C42694-2B23-4599-BF2D-D439B81EF3B5}"
EndProject
Project("{9A19103F-16F7-4668-BE54-9A1E7A4F7556}") = "NMMS.Common.API", "NMMS.Common.API\NMMS.Common.API.csproj", "{814BA51F-9F2A-4AE3-BB4C-C3615CD2330B}"
EndProject
Project("{9A19103F-16F7-4668-BE54-9A1E7A4F7556}") = "NMMS.Common.ApiErrorHandling", "NMMS.Common.ApiErrorHandling\NMMS.Common.ApiErrorHandling.csproj", "{3906BD48-7396-4A89-9675-6A0134659A95}"
EndProject
Project("{9A19103F-16F7-4668-BE54-9A1E7A4F7556}") = "NMMS.Common.Application", "NMMS.Common.Application\NMMS.Common.Application.csproj", "{C452B8B9-E36A-4727-870E-0786100DC4EE}"
EndProject
Project("{9A19103F-16F7-4668-BE54-9A1E7A4F7556}") = "NMMS.Common.Domain", "NMMS.Common.Domain\NMMS.Common.Domain.csproj", "{2B7EB8D8-441C-4CE0-81E4-C28EF83B9D28}"
EndProject
Project("{9A19103F-16F7-4668-BE54-9A1E7A4F7556}") = "NMMS.Common.ErrorHandling", "NMMS.Common.ErrorHandling\NMMS.Common.ErrorHandling.csproj", "{D342D7C3-4CAE-46F4-B5C4-A88FABAE6D60}"
EndProject
Project("{9A19103F-16F7-4668-BE54-9A1E7A4F7556}") = "NMMS.Common.Infrastructure", "NMMS.Common.Infrastructure\NMMS.Common.Infrastructure.csproj", "{BE02662D-AAEC-491F-9E8B-1F9934F91FE0}"
EndProject
Project("{9A19103F-16F7-4668-BE54-9A1E7A4F7556}") = "NMMS.Common.Persistence", "NMMS.Common.Persistence\NMMS.Common.Persistence.csproj", "{A944E644-FD02-45AA-9E84-1F001B34DF01}"
EndProject
Project("{9A19103F-16F7-4668-BE54-9A1E7A4F7556}") = "NMMS.Common.ErrorHandling.NewtonsoftJson", "NMMS.Common.ErrorHandling.NewtonsoftJson\NMMS.Common.ErrorHandling.NewtonsoftJson.csproj", "{7FF0A7B4-EE9D-40A2-A407-9D1B2C748B78}"
EndProject
Project("{9A19103F-16F7-4668-BE54-9A1E7A4F7556}") = "NMMS.Application", "NMMS.Application\NMMS.Application.csproj", "{28B67899-532C-4D81-AC21-8E8E500DD494}"
EndProject
Project("{9A19103F-16F7-4668-BE54-9A1E7A4F7556}") = "NMMS.Domain", "NMMS.Domain\NMMS.Domain.csproj", "{F1AE99D7-B949-4592-B15D-8627461599F5}"
EndProject
Project("{9A19103F-16F7-4668-BE54-9A1E7A4F7556}") = "NMMS.Persistence", "NMMS.Persistence\NMMS.Persistence.csproj", "{7F0D9B1E-79C5-4974-BA4E-5070AE4587D2}"
EndProject
Project("{9A19103F-16F7-4668-BE54-9A1E7A4F7556}") = "NMMS.Common.FileManager", "NMMS.Common.FileManager\NMMS.Common.FileManager.csproj", "{83168CF9-6EB3-4FA2-AF3F-5E317CDB43D3}"
EndProject
Project("{9A19103F-16F7-4668-BE54-9A1E7A4F7556}") = "NMMS.Infrastructure", "NMMS.Infrastructure\NMMS.Infrastructure.csproj", "{69E9EB31-C80F-425C-8913-19197BE2B050}"
EndProject
Global
	GlobalSection(SolutionConfigurationPlatforms) = preSolution
		Debug|Any CPU = Debug|Any CPU
		Release|Any CPU = Release|Any CPU
	EndGlobalSection
	GlobalSection(ProjectConfigurationPlatforms) = postSolution
		{327760CC-8B63-40A3-A81E-4D6D8BAFEA20}.Debug|Any CPU.ActiveCfg = Debug|Any CPU
		{327760CC-8B63-40A3-A81E-4D6D8BAFEA20}.Debug|Any CPU.Build.0 = Debug|Any CPU
		{327760CC-8B63-40A3-A81E-4D6D8BAFEA20}.Release|Any CPU.ActiveCfg = Release|Any CPU
		{327760CC-8B63-40A3-A81E-4D6D8BAFEA20}.Release|Any CPU.Build.0 = Release|Any CPU
		{00C42694-2B23-4599-BF2D-D439B81EF3B5}.Debug|Any CPU.ActiveCfg = Debug|Any CPU
		{00C42694-2B23-4599-BF2D-D439B81EF3B5}.Debug|Any CPU.Build.0 = Debug|Any CPU
		{00C42694-2B23-4599-BF2D-D439B81EF3B5}.Release|Any CPU.ActiveCfg = Release|Any CPU
		{00C42694-2B23-4599-BF2D-D439B81EF3B5}.Release|Any CPU.Build.0 = Release|Any CPU
		{814BA51F-9F2A-4AE3-BB4C-C3615CD2330B}.Debug|Any CPU.ActiveCfg = Debug|Any CPU
		{814BA51F-9F2A-4AE3-BB4C-C3615CD2330B}.Debug|Any CPU.Build.0 = Debug|Any CPU
		{814BA51F-9F2A-4AE3-BB4C-C3615CD2330B}.Release|Any CPU.ActiveCfg = Release|Any CPU
		{814BA51F-9F2A-4AE3-BB4C-C3615CD2330B}.Release|Any CPU.Build.0 = Release|Any CPU
		{3906BD48-7396-4A89-9675-6A0134659A95}.Debug|Any CPU.ActiveCfg = Debug|Any CPU
		{3906BD48-7396-4A89-9675-6A0134659A95}.Debug|Any CPU.Build.0 = Debug|Any CPU
		{3906BD48-7396-4A89-9675-6A0134659A95}.Release|Any CPU.ActiveCfg = Release|Any CPU
		{3906BD48-7396-4A89-9675-6A0134659A95}.Release|Any CPU.Build.0 = Release|Any CPU
		{C452B8B9-E36A-4727-870E-0786100DC4EE}.Debug|Any CPU.ActiveCfg = Debug|Any CPU
		{C452B8B9-E36A-4727-870E-0786100DC4EE}.Debug|Any CPU.Build.0 = Debug|Any CPU
		{C452B8B9-E36A-4727-870E-0786100DC4EE}.Release|Any CPU.ActiveCfg = Release|Any CPU
		{C452B8B9-E36A-4727-870E-0786100DC4EE}.Release|Any CPU.Build.0 = Release|Any CPU
		{2B7EB8D8-441C-4CE0-81E4-C28EF83B9D28}.Debug|Any CPU.ActiveCfg = Debug|Any CPU
		{2B7EB8D8-441C-4CE0-81E4-C28EF83B9D28}.Debug|Any CPU.Build.0 = Debug|Any CPU
		{2B7EB8D8-441C-4CE0-81E4-C28EF83B9D28}.Release|Any CPU.ActiveCfg = Release|Any CPU
		{2B7EB8D8-441C-4CE0-81E4-C28EF83B9D28}.Release|Any CPU.Build.0 = Release|Any CPU
		{D342D7C3-4CAE-46F4-B5C4-A88FABAE6D60}.Debug|Any CPU.ActiveCfg = Debug|Any CPU
		{D342D7C3-4CAE-46F4-B5C4-A88FABAE6D60}.Debug|Any CPU.Build.0 = Debug|Any CPU
		{D342D7C3-4CAE-46F4-B5C4-A88FABAE6D60}.Release|Any CPU.ActiveCfg = Release|Any CPU
		{D342D7C3-4CAE-46F4-B5C4-A88FABAE6D60}.Release|Any CPU.Build.0 = Release|Any CPU
		{BE02662D-AAEC-491F-9E8B-1F9934F91FE0}.Debug|Any CPU.ActiveCfg = Debug|Any CPU
		{BE02662D-AAEC-491F-9E8B-1F9934F91FE0}.Debug|Any CPU.Build.0 = Debug|Any CPU
		{BE02662D-AAEC-491F-9E8B-1F9934F91FE0}.Release|Any CPU.ActiveCfg = Release|Any CPU
		{BE02662D-AAEC-491F-9E8B-1F9934F91FE0}.Release|Any CPU.Build.0 = Release|Any CPU
		{A944E644-FD02-45AA-9E84-1F001B34DF01}.Debug|Any CPU.ActiveCfg = Debug|Any CPU
		{A944E644-FD02-45AA-9E84-1F001B34DF01}.Debug|Any CPU.Build.0 = Debug|Any CPU
		{A944E644-FD02-45AA-9E84-1F001B34DF01}.Release|Any CPU.ActiveCfg = Release|Any CPU
		{A944E644-FD02-45AA-9E84-1F001B34DF01}.Release|Any CPU.Build.0 = Release|Any CPU
		{7FF0A7B4-EE9D-40A2-A407-9D1B2C748B78}.Debug|Any CPU.ActiveCfg = Debug|Any CPU
		{7FF0A7B4-EE9D-40A2-A407-9D1B2C748B78}.Debug|Any CPU.Build.0 = Debug|Any CPU
		{7FF0A7B4-EE9D-40A2-A407-9D1B2C748B78}.Release|Any CPU.ActiveCfg = Release|Any CPU
		{7FF0A7B4-EE9D-40A2-A407-9D1B2C748B78}.Release|Any CPU.Build.0 = Release|Any CPU
		{28B67899-532C-4D81-AC21-8E8E500DD494}.Debug|Any CPU.ActiveCfg = Debug|Any CPU
		{28B67899-532C-4D81-AC21-8E8E500DD494}.Debug|Any CPU.Build.0 = Debug|Any CPU
		{28B67899-532C-4D81-AC21-8E8E500DD494}.Release|Any CPU.ActiveCfg = Release|Any CPU
		{28B67899-532C-4D81-AC21-8E8E500DD494}.Release|Any CPU.Build.0 = Release|Any CPU
		{F1AE99D7-B949-4592-B15D-8627461599F5}.Debug|Any CPU.ActiveCfg = Debug|Any CPU
		{F1AE99D7-B949-4592-B15D-8627461599F5}.Debug|Any CPU.Build.0 = Debug|Any CPU
		{F1AE99D7-B949-4592-B15D-8627461599F5}.Release|Any CPU.ActiveCfg = Release|Any CPU
		{F1AE99D7-B949-4592-B15D-8627461599F5}.Release|Any CPU.Build.0 = Release|Any CPU
		{7F0D9B1E-79C5-4974-BA4E-5070AE4587D2}.Debug|Any CPU.ActiveCfg = Debug|Any CPU
		{7F0D9B1E-79C5-4974-BA4E-5070AE4587D2}.Debug|Any CPU.Build.0 = Debug|Any CPU
		{7F0D9B1E-79C5-4974-BA4E-5070AE4587D2}.Release|Any CPU.ActiveCfg = Release|Any CPU
		{7F0D9B1E-79C5-4974-BA4E-5070AE4587D2}.Release|Any CPU.Build.0 = Release|Any CPU
		{83168CF9-6EB3-4FA2-AF3F-5E317CDB43D3}.Debug|Any CPU.ActiveCfg = Debug|Any CPU
		{83168CF9-6EB3-4FA2-AF3F-5E317CDB43D3}.Debug|Any CPU.Build.0 = Debug|Any CPU
		{83168CF9-6EB3-4FA2-AF3F-5E317CDB43D3}.Release|Any CPU.ActiveCfg = Release|Any CPU
		{83168CF9-6EB3-4FA2-AF3F-5E317CDB43D3}.Release|Any CPU.Build.0 = Release|Any CPU
		{69E9EB31-C80F-425C-8913-19197BE2B050}.Debug|Any CPU.ActiveCfg = Debug|Any CPU
		{69E9EB31-C80F-425C-8913-19197BE2B050}.Debug|Any CPU.Build.0 = Debug|Any CPU
		{69E9EB31-C80F-425C-8913-19197BE2B050}.Release|Any CPU.ActiveCfg = Release|Any CPU
		{69E9EB31-C80F-425C-8913-19197BE2B050}.Release|Any CPU.Build.0 = Release|Any CPU
	EndGlobalSection
	GlobalSection(SolutionProperties) = preSolution
		HideSolutionNode = FALSE
	EndGlobalSection
	GlobalSection(NestedProjects) = preSolution
		{327760CC-8B63-40A3-A81E-4D6D8BAFEA20} = {05B4C823-0A37-4589-ADF3-D9B727DAC6F8}
		{00C42694-2B23-4599-BF2D-D439B81EF3B5} = {F069D8EE-073E-436E-9917-AB259DB6E371}
		{814BA51F-9F2A-4AE3-BB4C-C3615CD2330B} = {F069D8EE-073E-436E-9917-AB259DB6E371}
		{3906BD48-7396-4A89-9675-6A0134659A95} = {F069D8EE-073E-436E-9917-AB259DB6E371}
		{C452B8B9-E36A-4727-870E-0786100DC4EE} = {F069D8EE-073E-436E-9917-AB259DB6E371}
		{2B7EB8D8-441C-4CE0-81E4-C28EF83B9D28} = {F069D8EE-073E-436E-9917-AB259DB6E371}
		{D342D7C3-4CAE-46F4-B5C4-A88FABAE6D60} = {F069D8EE-073E-436E-9917-AB259DB6E371}
		{BE02662D-AAEC-491F-9E8B-1F9934F91FE0} = {F069D8EE-073E-436E-9917-AB259DB6E371}
		{A944E644-FD02-45AA-9E84-1F001B34DF01} = {F069D8EE-073E-436E-9917-AB259DB6E371}
		{7FF0A7B4-EE9D-40A2-A407-9D1B2C748B78} = {F069D8EE-073E-436E-9917-AB259DB6E371}
		{28B67899-532C-4D81-AC21-8E8E500DD494} = {05B4C823-0A37-4589-ADF3-D9B727DAC6F8}
		{F1AE99D7-B949-4592-B15D-8627461599F5} = {05B4C823-0A37-4589-ADF3-D9B727DAC6F8}
		{7F0D9B1E-79C5-4974-BA4E-5070AE4587D2} = {05B4C823-0A37-4589-ADF3-D9B727DAC6F8}
		{83168CF9-6EB3-4FA2-AF3F-5E317CDB43D3} = {F069D8EE-073E-436E-9917-AB259DB6E371}
		{69E9EB31-C80F-425C-8913-19197BE2B050} = {05B4C823-0A37-4589-ADF3-D9B727DAC6F8}
	EndGlobalSection
	GlobalSection(ExtensibilityGlobals) = postSolution
		SolutionGuid = {FDD4E379-120B-473D-BC4B-9753C7BBDEFA}
	EndGlobalSection
EndGlobal
